
Microsoft Visual Studio Solution File, Format Version 12.00
# Visual Studio Version 17
VisualStudioVersion = 17.9.34714.143
MinimumVisualStudioVersion = 10.0.40219.1
Project("{FAE04EC0-301F-11D3-BF4B-00C04F79EFBC}") = "Project1", "Project1\Project1.csproj", "{9F8ACD19-D310-47F3-A259-51423DC36C6D}"
EndProject
Global
	GlobalSection(SolutionConfigurationPlatforms) = preSolution
		Debug|Any CPU = Debug|Any CPU
		Release|Any CPU = Release|Any CPU
	EndGlobalSection
	GlobalSection(ProjectConfigurationPlatforms) = postSolution
		{9F8ACD19-D310-47F3-A259-51423DC36C6D}.Debug|Any CPU.ActiveCfg = Debug|Any CPU
		{9F8ACD19-D310-47F3-A259-51423DC36C6D}.Debug|Any CPU.Build.0 = Debug|Any CPU
		{9F8ACD19-D310-47F3-A259-51423DC36C6D}.Release|Any CPU.ActiveCfg = Release|Any CPU
		{9F8ACD19-D310-47F3-A259-51423DC36C6D}.Release|Any CPU.Build.0 = Release|Any CPU
	EndGlobalSection
	GlobalSection(SolutionProperties) = preSolution
		HideSolutionNode = FALSE
	EndGlobalSection
	GlobalSection(ExtensibilityGlobals) = postSolution
		SolutionGuid = {0C5EA94E-884F-453A-8341-24A69F6B5A79}
	EndGlobalSection
EndGlobal
